{
  "name": "npmTouch",
  "lockfileVersion": 2,
  "requires": true,
  "packages": {
    "": {
      "dependencies": {
        "fun-faker": "^1.1.8"
      }
    },
    "node_modules/fun-faker": {
      "version": "1.1.8",
      "resolved": "https://registry.npmjs.org/fun-faker/-/fun-faker-1.1.8.tgz",
      "integrity": "sha512-2dCpbcQ3rmy+/zMkwTvIq6fKxs4Km+ADRPiVqjAnk0WywsqLodk8mC5m6/23hO7JwrDS3nXLxKufnOEW5HmM5w=="
    }
  },
  "dependencies": {
    "fun-faker": {
      "version": "1.1.8",
      "resolved": "https://registry.npmjs.org/fun-faker/-/fun-faker-1.1.8.tgz",
      "integrity": "sha512-2dCpbcQ3rmy+/zMkwTvIq6fKxs4Km+ADRPiVqjAnk0WywsqLodk8mC5m6/23hO7JwrDS3nXLxKufnOEW5HmM5w=="
    }
  }
}
